// !$*UTF8*$!
{
	archiveVersion = 1;
	classes = {
	};
	objectVersion = 50;
	objects = {

/* Begin PBXBuildFile section */
		75177B5C21A6730D0086E103 /* PageMenu.framework in Frameworks */ = {isa = PBXBuildFile; fileRef = 75177B5B21A672EC0086E103 /* PageMenu.framework */; };
		75177B5D21A6730D0086E103 /* PageMenu.framework in Embed Frameworks */ = {isa = PBXBuildFile; fileRef = 75177B5B21A672EC0086E103 /* PageMenu.framework */; settings = {ATTRIBUTES = (CodeSignOnCopy, RemoveHeadersOnCopy, ); }; };
		756EB859219037DB0067D433 /* AppDelegate.swift in Sources */ = {isa = PBXBuildFile; fileRef = 756EB858219037DB0067D433 /* AppDelegate.swift */; };
		756EB85E219037DB0067D433 /* Home.storyboard in Resources */ = {isa = PBXBuildFile; fileRef = 756EB85C219037DB0067D433 /* Home.storyboard */; };
		756EB861219037DB0067D433 /* P_D_App.xcdatamodeld in Sources */ = {isa = PBXBuildFile; fileRef = 756EB85F219037DB0067D433 /* P_D_App.xcdatamodeld */; };
		756EB863219037DE0067D433 /* Assets.xcassets in Resources */ = {isa = PBXBuildFile; fileRef = 756EB862219037DE0067D433 /* Assets.xcassets */; };
		756EB866219037DE0067D433 /* LaunchScreen.storyboard in Resources */ = {isa = PBXBuildFile; fileRef = 756EB864219037DE0067D433 /* LaunchScreen.storyboard */; };
		756EB87221903B560067D433 /* CalendarViewController.swift in Sources */ = {isa = PBXBuildFile; fileRef = 756EB87121903B560067D433 /* CalendarViewController.swift */; };
		756EB87421903B5F0067D433 /* Calendar.storyboard in Resources */ = {isa = PBXBuildFile; fileRef = 756EB87321903B5F0067D433 /* Calendar.storyboard */; };
		756EB87721903BB70067D433 /* GoodsViewController.swift in Sources */ = {isa = PBXBuildFile; fileRef = 756EB87621903BB70067D433 /* GoodsViewController.swift */; };
		756EB87921903BBE0067D433 /* Goods.storyboard in Resources */ = {isa = PBXBuildFile; fileRef = 756EB87821903BBE0067D433 /* Goods.storyboard */; };
		756EB88021904E070067D433 /* HomeViewController.swift in Sources */ = {isa = PBXBuildFile; fileRef = 756EB87F21904E070067D433 /* HomeViewController.swift */; };
		756EB88321904E550067D433 /* Tab.storyboard in Resources */ = {isa = PBXBuildFile; fileRef = 756EB88221904E550067D433 /* Tab.storyboard */; };
		756EB88521904EC10067D433 /* TabViewController.swift in Sources */ = {isa = PBXBuildFile; fileRef = 756EB88421904EC10067D433 /* TabViewController.swift */; };
		756EB8AA21905C270067D433 /* RxSwift.framework in Frameworks */ = {isa = PBXBuildFile; fileRef = 756EB8A821905BFD0067D433 /* RxSwift.framework */; };
		756EB8AB21905C270067D433 /* RxSwift.framework in Embed Frameworks */ = {isa = PBXBuildFile; fileRef = 756EB8A821905BFD0067D433 /* RxSwift.framework */; settings = {ATTRIBUTES = (CodeSignOnCopy, RemoveHeadersOnCopy, ); }; };
		756EB8AC21905C2C0067D433 /* RxCocoa.framework in Frameworks */ = {isa = PBXBuildFile; fileRef = 756EB8A621905BF00067D433 /* RxCocoa.framework */; };
		756EB8AD21905C2C0067D433 /* RxCocoa.framework in Embed Frameworks */ = {isa = PBXBuildFile; fileRef = 756EB8A621905BF00067D433 /* RxCocoa.framework */; settings = {ATTRIBUTES = (CodeSignOnCopy, RemoveHeadersOnCopy, ); }; };
		756EB8AE21905C2F0067D433 /* RxAtomic.framework in Frameworks */ = {isa = PBXBuildFile; fileRef = 756EB8A421905BE20067D433 /* RxAtomic.framework */; };
		756EB8AF21905C2F0067D433 /* RxAtomic.framework in Embed Frameworks */ = {isa = PBXBuildFile; fileRef = 756EB8A421905BE20067D433 /* RxAtomic.framework */; settings = {ATTRIBUTES = (CodeSignOnCopy, RemoveHeadersOnCopy, ); }; };
		756EB8B2219122290067D433 /* String+Extension.swift in Sources */ = {isa = PBXBuildFile; fileRef = 756EB8B1219122290067D433 /* String+Extension.swift */; };
		756EB8B921912D7B0067D433 /* Helper Files.swift in Sources */ = {isa = PBXBuildFile; fileRef = 756EB8B821912D7B0067D433 /* Helper Files.swift */; };
		756EB8BB219130F80067D433 /* UIButton+Extension.swift in Sources */ = {isa = PBXBuildFile; fileRef = 756EB8BA219130F80067D433 /* UIButton+Extension.swift */; };
		756EB8BD219132C60067D433 /* UITextField+Extension.swift in Sources */ = {isa = PBXBuildFile; fileRef = 756EB8BC219132C60067D433 /* UITextField+Extension.swift */; };
		756EB8C0219138320067D433 /* Kingfisher.framework in Frameworks */ = {isa = PBXBuildFile; fileRef = 756EB8BE219138280067D433 /* Kingfisher.framework */; };
		756EB8C1219138320067D433 /* Kingfisher.framework in Embed Frameworks */ = {isa = PBXBuildFile; fileRef = 756EB8BE219138280067D433 /* Kingfisher.framework */; settings = {ATTRIBUTES = (CodeSignOnCopy, RemoveHeadersOnCopy, ); }; };
		756EB8C4219138560067D433 /* JTAppleCalendar.framework in Frameworks */ = {isa = PBXBuildFile; fileRef = 756EB8C2219138500067D433 /* JTAppleCalendar.framework */; };
		756EB8C5219138560067D433 /* JTAppleCalendar.framework in Embed Frameworks */ = {isa = PBXBuildFile; fileRef = 756EB8C2219138500067D433 /* JTAppleCalendar.framework */; settings = {ATTRIBUTES = (CodeSignOnCopy, RemoveHeadersOnCopy, ); }; };
		756EB8C82191531E0067D433 /* KeychainAccess.framework in Frameworks */ = {isa = PBXBuildFile; fileRef = 756EB8C6219153180067D433 /* KeychainAccess.framework */; };
		756EB8C92191531E0067D433 /* KeychainAccess.framework in Embed Frameworks */ = {isa = PBXBuildFile; fileRef = 756EB8C6219153180067D433 /* KeychainAccess.framework */; settings = {ATTRIBUTES = (CodeSignOnCopy, RemoveHeadersOnCopy, ); }; };
		756EB8CB219153B90067D433 /* KeyChainUtil.swift in Sources */ = {isa = PBXBuildFile; fileRef = 756EB8CA219153B90067D433 /* KeyChainUtil.swift */; };
		756EB8CE219168C20067D433 /* SwiftDate.framework in Frameworks */ = {isa = PBXBuildFile; fileRef = 756EB8CC219168BC0067D433 /* SwiftDate.framework */; };
		756EB8CF219168C20067D433 /* SwiftDate.framework in Embed Frameworks */ = {isa = PBXBuildFile; fileRef = 756EB8CC219168BC0067D433 /* SwiftDate.framework */; settings = {ATTRIBUTES = (CodeSignOnCopy, RemoveHeadersOnCopy, ); }; };
		756EB8D22191691D0067D433 /* DayCell.swift in Sources */ = {isa = PBXBuildFile; fileRef = 756EB8D12191691D0067D433 /* DayCell.swift */; };
/* End PBXBuildFile section */

/* Begin PBXContainerItemProxy section */
		75177B5A21A672EC0086E103 /* PBXContainerItemProxy */ = {
			isa = PBXContainerItemProxy;
			containerPortal = 75177B5621A672EC0086E103 /* PageMenu.xcodeproj */;
			proxyType = 2;
			remoteGlobalIDString = 75D1CDA02191DFE600B525D0;
			remoteInfo = PageMenu;
		};
		75177B5E21A6730D0086E103 /* PBXContainerItemProxy */ = {
			isa = PBXContainerItemProxy;
			containerPortal = 75177B5621A672EC0086E103 /* PageMenu.xcodeproj */;
			proxyType = 1;
			remoteGlobalIDString = 75D1CD9F2191DFE600B525D0;
			remoteInfo = PageMenu;
		};
/* End PBXContainerItemProxy section */

/* Begin PBXCopyFilesBuildPhase section */
		756EB89B21905A9F0067D433 /* Embed Frameworks */ = {
			isa = PBXCopyFilesBuildPhase;
			buildActionMask = 2147483647;
			dstPath = "";
			dstSubfolderSpec = 10;
			files = (
				75177B5D21A6730D0086E103 /* PageMenu.framework in Embed Frameworks */,
				756EB8C92191531E0067D433 /* KeychainAccess.framework in Embed Frameworks */,
				756EB8CF219168C20067D433 /* SwiftDate.framework in Embed Frameworks */,
				756EB8AD21905C2C0067D433 /* RxCocoa.framework in Embed Frameworks */,
				756EB8AB21905C270067D433 /* RxSwift.framework in Embed Frameworks */,
				756EB8C1219138320067D433 /* Kingfisher.framework in Embed Frameworks */,
				756EB8AF21905C2F0067D433 /* RxAtomic.framework in Embed Frameworks */,
				756EB8C5219138560067D433 /* JTAppleCalendar.framework in Embed Frameworks */,
			);
			name = "Embed Frameworks";
			runOnlyForDeploymentPostprocessing = 0;
		};
/* End PBXCopyFilesBuildPhase section */

/* Begin PBXFileReference section */
		75177B5621A672EC0086E103 /* PageMenu.xcodeproj */ = {isa = PBXFileReference; lastKnownFileType = "wrapper.pb-project"; name = PageMenu.xcodeproj; path = PageMenu/PageMenu.xcodeproj; sourceTree = SOURCE_ROOT; };
		756EB855219037DB0067D433 /* P&D_App.app */ = {isa = PBXFileReference; explicitFileType = wrapper.application; includeInIndex = 0; path = "P&D_App.app"; sourceTree = BUILT_PRODUCTS_DIR; };
		756EB858219037DB0067D433 /* AppDelegate.swift */ = {isa = PBXFileReference; lastKnownFileType = sourcecode.swift; path = AppDelegate.swift; sourceTree = "<group>"; };
		756EB85D219037DB0067D433 /* Base */ = {isa = PBXFileReference; lastKnownFileType = file.storyboard; name = Base; path = Base.lproj/Home.storyboard; sourceTree = "<group>"; };
		756EB860219037DB0067D433 /* P_D_App.xcdatamodel */ = {isa = PBXFileReference; lastKnownFileType = wrapper.xcdatamodel; path = P_D_App.xcdatamodel; sourceTree = "<group>"; };
		756EB862219037DE0067D433 /* Assets.xcassets */ = {isa = PBXFileReference; lastKnownFileType = folder.assetcatalog; path = Assets.xcassets; sourceTree = "<group>"; };
		756EB865219037DE0067D433 /* Base */ = {isa = PBXFileReference; lastKnownFileType = file.storyboard; name = Base; path = Base.lproj/LaunchScreen.storyboard; sourceTree = "<group>"; };
		756EB867219037DE0067D433 /* Info.plist */ = {isa = PBXFileReference; lastKnownFileType = text.plist.xml; path = Info.plist; sourceTree = "<group>"; };
		756EB87121903B560067D433 /* CalendarViewController.swift */ = {isa = PBXFileReference; lastKnownFileType = sourcecode.swift; path = CalendarViewController.swift; sourceTree = "<group>"; };
		756EB87321903B5F0067D433 /* Calendar.storyboard */ = {isa = PBXFileReference; lastKnownFileType = file.storyboard; path = Calendar.storyboard; sourceTree = "<group>"; };
		756EB87621903BB70067D433 /* GoodsViewController.swift */ = {isa = PBXFileReference; lastKnownFileType = sourcecode.swift; path = GoodsViewController.swift; sourceTree = "<group>"; };
		756EB87821903BBE0067D433 /* Goods.storyboard */ = {isa = PBXFileReference; lastKnownFileType = file.storyboard; path = Goods.storyboard; sourceTree = "<group>"; };
		756EB87F21904E070067D433 /* HomeViewController.swift */ = {isa = PBXFileReference; lastKnownFileType = sourcecode.swift; path = HomeViewController.swift; sourceTree = "<group>"; };
		756EB88221904E550067D433 /* Tab.storyboard */ = {isa = PBXFileReference; lastKnownFileType = file.storyboard; path = Tab.storyboard; sourceTree = "<group>"; };
		756EB88421904EC10067D433 /* TabViewController.swift */ = {isa = PBXFileReference; lastKnownFileType = sourcecode.swift; path = TabViewController.swift; sourceTree = "<group>"; };
		756EB8A421905BE20067D433 /* RxAtomic.framework */ = {isa = PBXFileReference; lastKnownFileType = wrapper.framework; name = RxAtomic.framework; path = Carthage/Build/iOS/RxAtomic.framework; sourceTree = "<group>"; };
		756EB8A621905BF00067D433 /* RxCocoa.framework */ = {isa = PBXFileReference; lastKnownFileType = wrapper.framework; name = RxCocoa.framework; path = Carthage/Build/iOS/RxCocoa.framework; sourceTree = "<group>"; };
		756EB8A821905BFD0067D433 /* RxSwift.framework */ = {isa = PBXFileReference; lastKnownFileType = wrapper.framework; name = RxSwift.framework; path = Carthage/Build/iOS/RxSwift.framework; sourceTree = "<group>"; };
		756EB8B1219122290067D433 /* String+Extension.swift */ = {isa = PBXFileReference; lastKnownFileType = sourcecode.swift; path = "String+Extension.swift"; sourceTree = "<group>"; };
		756EB8B821912D7B0067D433 /* Helper Files.swift */ = {isa = PBXFileReference; lastKnownFileType = sourcecode.swift; path = "Helper Files.swift"; sourceTree = "<group>"; };
		756EB8BA219130F80067D433 /* UIButton+Extension.swift */ = {isa = PBXFileReference; lastKnownFileType = sourcecode.swift; path = "UIButton+Extension.swift"; sourceTree = "<group>"; };
		756EB8BC219132C60067D433 /* UITextField+Extension.swift */ = {isa = PBXFileReference; lastKnownFileType = sourcecode.swift; path = "UITextField+Extension.swift"; sourceTree = "<group>"; };
		756EB8BE219138280067D433 /* Kingfisher.framework */ = {isa = PBXFileReference; lastKnownFileType = wrapper.framework; name = Kingfisher.framework; path = Carthage/Build/iOS/Kingfisher.framework; sourceTree = "<group>"; };
		756EB8C2219138500067D433 /* JTAppleCalendar.framework */ = {isa = PBXFileReference; lastKnownFileType = wrapper.framework; name = JTAppleCalendar.framework; path = Carthage/Build/iOS/JTAppleCalendar.framework; sourceTree = "<group>"; };
		756EB8C6219153180067D433 /* KeychainAccess.framework */ = {isa = PBXFileReference; lastKnownFileType = wrapper.framework; name = KeychainAccess.framework; path = Carthage/Build/iOS/KeychainAccess.framework; sourceTree = "<group>"; };
		756EB8CA219153B90067D433 /* KeyChainUtil.swift */ = {isa = PBXFileReference; lastKnownFileType = sourcecode.swift; path = KeyChainUtil.swift; sourceTree = "<group>"; };
		756EB8CC219168BC0067D433 /* SwiftDate.framework */ = {isa = PBXFileReference; lastKnownFileType = wrapper.framework; name = SwiftDate.framework; path = Carthage/Build/iOS/SwiftDate.framework; sourceTree = "<group>"; };
		756EB8D12191691D0067D433 /* DayCell.swift */ = {isa = PBXFileReference; lastKnownFileType = sourcecode.swift; path = DayCell.swift; sourceTree = "<group>"; };
/* End PBXFileReference section */

/* Begin PBXFrameworksBuildPhase section */
		756EB852219037DB0067D433 /* Frameworks */ = {
			isa = PBXFrameworksBuildPhase;
			buildActionMask = 2147483647;
			files = (
				75177B5C21A6730D0086E103 /* PageMenu.framework in Frameworks */,
				756EB8C82191531E0067D433 /* KeychainAccess.framework in Frameworks */,
				756EB8CE219168C20067D433 /* SwiftDate.framework in Frameworks */,
				756EB8AC21905C2C0067D433 /* RxCocoa.framework in Frameworks */,
				756EB8AA21905C270067D433 /* RxSwift.framework in Frameworks */,
				756EB8C0219138320067D433 /* Kingfisher.framework in Frameworks */,
				756EB8AE21905C2F0067D433 /* RxAtomic.framework in Frameworks */,
				756EB8C4219138560067D433 /* JTAppleCalendar.framework in Frameworks */,
			);
			runOnlyForDeploymentPostprocessing = 0;
		};
/* End PBXFrameworksBuildPhase section */

/* Begin PBXGroup section */
		75177B5721A672EC0086E103 /* Products */ = {
			isa = PBXGroup;
			children = (
				75177B5B21A672EC0086E103 /* PageMenu.framework */,
			);
			name = Products;
			sourceTree = "<group>";
		};
		756EB84C219037DB0067D433 = {
			isa = PBXGroup;
			children = (
				756EB857219037DB0067D433 /* P&D_App */,
				756EB856219037DB0067D433 /* Products */,
				756EB8A321905BE20067D433 /* Frameworks */,
			);
			sourceTree = "<group>";
		};
		756EB856219037DB0067D433 /* Products */ = {
			isa = PBXGroup;
			children = (
				756EB855219037DB0067D433 /* P&D_App.app */,
			);
			name = Products;
			sourceTree = "<group>";
		};
		756EB857219037DB0067D433 /* P&D_App */ = {
			isa = PBXGroup;
			children = (
				756EB858219037DB0067D433 /* AppDelegate.swift */,
				756EB86E21903B180067D433 /* HomeView */,
				756EB88121904E3F0067D433 /* TabView */,
				756EB86D21903AD00067D433 /* CalendarView */,
				756EB87521903BA40067D433 /* GoodsView */,
				756EB8B02191220F0067D433 /* Extension */,
				756EB8B721912D610067D433 /* Common */,
				756EB8B821912D7B0067D433 /* Helper Files.swift */,
				756EB862219037DE0067D433 /* Assets.xcassets */,
				756EB864219037DE0067D433 /* LaunchScreen.storyboard */,
				756EB867219037DE0067D433 /* Info.plist */,
				756EB85F219037DB0067D433 /* P_D_App.xcdatamodeld */,
				75177B5621A672EC0086E103 /* PageMenu.xcodeproj */,
			);
			path = "P&D_App";
			sourceTree = "<group>";
		};
		756EB86D21903AD00067D433 /* CalendarView */ = {
			isa = PBXGroup;
			children = (
				756EB87121903B560067D433 /* CalendarViewController.swift */,
				756EB87321903B5F0067D433 /* Calendar.storyboard */,
				756EB8D0219169070067D433 /* View */,
			);
			path = CalendarView;
			sourceTree = "<group>";
		};
		756EB86E21903B180067D433 /* HomeView */ = {
			isa = PBXGroup;
			children = (
				756EB87F21904E070067D433 /* HomeViewController.swift */,
				756EB85C219037DB0067D433 /* Home.storyboard */,
			);
			path = HomeView;
			sourceTree = "<group>";
		};
		756EB87521903BA40067D433 /* GoodsView */ = {
			isa = PBXGroup;
			children = (
				756EB87621903BB70067D433 /* GoodsViewController.swift */,
				756EB87821903BBE0067D433 /* Goods.storyboard */,
			);
			path = GoodsView;
			sourceTree = "<group>";
		};
		756EB88121904E3F0067D433 /* TabView */ = {
			isa = PBXGroup;
			children = (
				756EB88421904EC10067D433 /* TabViewController.swift */,
				756EB88221904E550067D433 /* Tab.storyboard */,
			);
			path = TabView;
			sourceTree = "<group>";
		};
		756EB8A321905BE20067D433 /* Frameworks */ = {
			isa = PBXGroup;
			children = (
				756EB8CC219168BC0067D433 /* SwiftDate.framework */,
				756EB8C6219153180067D433 /* KeychainAccess.framework */,
				756EB8C2219138500067D433 /* JTAppleCalendar.framework */,
				756EB8BE219138280067D433 /* Kingfisher.framework */,
				756EB8A821905BFD0067D433 /* RxSwift.framework */,
				756EB8A621905BF00067D433 /* RxCocoa.framework */,
				756EB8A421905BE20067D433 /* RxAtomic.framework */,
			);
			name = Frameworks;
			sourceTree = "<group>";
		};
		756EB8B02191220F0067D433 /* Extension */ = {
			isa = PBXGroup;
			children = (
				756EB8B1219122290067D433 /* String+Extension.swift */,
				756EB8BA219130F80067D433 /* UIButton+Extension.swift */,
				756EB8BC219132C60067D433 /* UITextField+Extension.swift */,
			);
			path = Extension;
			sourceTree = "<group>";
		};
		756EB8B721912D610067D433 /* Common */ = {
			isa = PBXGroup;
			children = (
				756EB8CA219153B90067D433 /* KeyChainUtil.swift */,
			);
			path = Common;
			sourceTree = "<group>";
		};
		756EB8D0219169070067D433 /* View */ = {
			isa = PBXGroup;
			children = (
				756EB8D12191691D0067D433 /* DayCell.swift */,
			);
			path = View;
			sourceTree = "<group>";
		};
/* End PBXGroup section */

/* Begin PBXNativeTarget section */
		756EB854219037DB0067D433 /* P&D_App */ = {
			isa = PBXNativeTarget;
			buildConfigurationList = 756EB86A219037DE0067D433 /* Build configuration list for PBXNativeTarget "P&D_App" */;
			buildPhases = (
				756EB851219037DB0067D433 /* Sources */,
				756EB852219037DB0067D433 /* Frameworks */,
				756EB853219037DB0067D433 /* Resources */,
				756EB89B21905A9F0067D433 /* Embed Frameworks */,
				756EB8A221905ABF0067D433 /* ShellScript */,
			);
			buildRules = (
			);
			dependencies = (
				75177B5F21A6730D0086E103 /* PBXTargetDependency */,
			);
			name = "P&D_App";
			productName = "P&D_App";
			productReference = 756EB855219037DB0067D433 /* P&D_App.app */;
			productType = "com.apple.product-type.application";
		};
/* End PBXNativeTarget section */

/* Begin PBXProject section */
		756EB84D219037DB0067D433 /* Project object */ = {
			isa = PBXProject;
			attributes = {
				LastSwiftUpdateCheck = 1010;
				LastUpgradeCheck = 1010;
				ORGANIZATIONNAME = "P&D";
				TargetAttributes = {
					756EB854219037DB0067D433 = {
						CreatedOnToolsVersion = 10.1;
					};
				};
			};
			buildConfigurationList = 756EB850219037DB0067D433 /* Build configuration list for PBXProject "P&D_App" */;
			compatibilityVersion = "Xcode 9.3";
			developmentRegion = en;
			hasScannedForEncodings = 0;
			knownRegions = (
				en,
				Base,
			);
			mainGroup = 756EB84C219037DB0067D433;
			productRefGroup = 756EB856219037DB0067D433 /* Products */;
			projectDirPath = "";
			projectReferences = (
				{
					ProductGroup = 75177B5721A672EC0086E103 /* Products */;
					ProjectRef = 75177B5621A672EC0086E103 /* PageMenu.xcodeproj */;
				},
			);
			projectRoot = "";
			targets = (
				756EB854219037DB0067D433 /* P&D_App */,
			);
		};
/* End PBXProject section */

/* Begin PBXReferenceProxy section */
		75177B5B21A672EC0086E103 /* PageMenu.framework */ = {
			isa = PBXReferenceProxy;
			fileType = wrapper.framework;
			path = PageMenu.framework;
			remoteRef = 75177B5A21A672EC0086E103 /* PBXContainerItemProxy */;
			sourceTree = BUILT_PRODUCTS_DIR;
		};
/* End PBXReferenceProxy section */

/* Begin PBXResourcesBuildPhase section */
		756EB853219037DB0067D433 /* Resources */ = {
			isa = PBXResourcesBuildPhase;
			buildActionMask = 2147483647;
			files = (
				756EB87421903B5F0067D433 /* Calendar.storyboard in Resources */,
				756EB866219037DE0067D433 /* LaunchScreen.storyboard in Resources */,
				756EB87921903BBE0067D433 /* Goods.storyboard in Resources */,
				756EB863219037DE0067D433 /* Assets.xcassets in Resources */,
				756EB88321904E550067D433 /* Tab.storyboard in Resources */,
				756EB85E219037DB0067D433 /* Home.storyboard in Resources */,
			);
			runOnlyForDeploymentPostprocessing = 0;
		};
/* End PBXResourcesBuildPhase section */

/* Begin PBXShellScriptBuildPhase section */
		756EB8A221905ABF0067D433 /* ShellScript */ = {
			isa = PBXShellScriptBuildPhase;
			buildActionMask = 2147483647;
			files = (
			);
			inputFileListPaths = (
			);
			inputPaths = (
				"$(SRCROOT)/Carthage/Build/iOS/RxSwift.framework",
				"$(SRCROOT)/Carthage/Build/iOS/RxCocoa.framework",
				"$(SRCROOT)/Carthage/Build/iOS/RxAtomic.framework",
				"$(SRCROOT)/Carthage/Build/iOS/Kingfisher.framework",
				"$(SRCROOT)/Carthage/Build/iOS/JTAppleCalendar.framework",
				"$(SRCROOT)/Carthage/Build/iOS/KeychainAccess.framework",
				"$(SRCROOT)/Carthage/Build/iOS/SwiftDate.framework",
			);
			outputFileListPaths = (
			);
			outputPaths = (
			);
			runOnlyForDeploymentPostprocessing = 0;
			shellPath = /bin/sh;
			shellScript = "/usr/local/bin/carthage copy-frameworks\n";
		};
/* End PBXShellScriptBuildPhase section */

/* Begin PBXSourcesBuildPhase section */
		756EB851219037DB0067D433 /* Sources */ = {
			isa = PBXSourcesBuildPhase;
			buildActionMask = 2147483647;
			files = (
				756EB8B921912D7B0067D433 /* Helper Files.swift in Sources */,
				756EB88521904EC10067D433 /* TabViewController.swift in Sources */,
				756EB88021904E070067D433 /* HomeViewController.swift in Sources */,
				756EB87221903B560067D433 /* CalendarViewController.swift in Sources */,
				756EB861219037DB0067D433 /* P_D_App.xcdatamodeld in Sources */,
				756EB8BD219132C60067D433 /* UITextField+Extension.swift in Sources */,
				756EB8BB219130F80067D433 /* UIButton+Extension.swift in Sources */,
				756EB859219037DB0067D433 /* AppDelegate.swift in Sources */,
				756EB87721903BB70067D433 /* GoodsViewController.swift in Sources */,
				756EB8B2219122290067D433 /* String+Extension.swift in Sources */,
				756EB8D22191691D0067D433 /* DayCell.swift in Sources */,
				756EB8CB219153B90067D433 /* KeyChainUtil.swift in Sources */,
			);
			runOnlyForDeploymentPostprocessing = 0;
		};
/* End PBXSourcesBuildPhase section */

/* Begin PBXTargetDependency section */
		75177B5F21A6730D0086E103 /* PBXTargetDependency */ = {
			isa = PBXTargetDependency;
			name = PageMenu;
			targetProxy = 75177B5E21A6730D0086E103 /* PBXContainerItemProxy */;
		};
/* End PBXTargetDependency section */

/* Begin PBXVariantGroup section */
		756EB85C219037DB0067D433 /* Home.storyboard */ = {
			isa = PBXVariantGroup;
			children = (
				756EB85D219037DB0067D433 /* Base */,
			);
			name = Home.storyboard;
			sourceTree = "<group>";
		};
		756EB864219037DE0067D433 /* LaunchScreen.storyboard */ = {
			isa = PBXVariantGroup;
			children = (
				756EB865219037DE0067D433 /* Base */,
			);
			name = LaunchScreen.storyboard;
			sourceTree = "<group>";
		};
/* End PBXVariantGroup section */

/* Begin XCBuildConfiguration section */
		756EB868219037DE0067D433 /* Debug */ = {
			isa = XCBuildConfiguration;
			buildSettings = {
				ALWAYS_SEARCH_USER_PATHS = NO;
				CLANG_ANALYZER_NONNULL = YES;
				CLANG_ANALYZER_NUMBER_OBJECT_CONVERSION = YES_AGGRESSIVE;
				CLANG_CXX_LANGUAGE_STANDARD = "gnu++14";
				CLANG_CXX_LIBRARY = "libc++";
				CLANG_ENABLE_MODULES = YES;
				CLANG_ENABLE_OBJC_ARC = YES;
				CLANG_ENABLE_OBJC_WEAK = YES;
				CLANG_WARN_BLOCK_CAPTURE_AUTORELEASING = YES;
				CLANG_WARN_BOOL_CONVERSION = YES;
				CLANG_WARN_COMMA = YES;
				CLANG_WARN_CONSTANT_CONVERSION = YES;
				CLANG_WARN_DEPRECATED_OBJC_IMPLEMENTATIONS = YES;
				CLANG_WARN_DIRECT_OBJC_ISA_USAGE = YES_ERROR;
				CLANG_WARN_DOCUMENTATION_COMMENTS = YES;
				CLANG_WARN_EMPTY_BODY = YES;
				CLANG_WARN_ENUM_CONVERSION = YES;
				CLANG_WARN_INFINITE_RECURSION = YES;
				CLANG_WARN_INT_CONVERSION = YES;
				CLANG_WARN_NON_LITERAL_NULL_CONVERSION = YES;
				CLANG_WARN_OBJC_IMPLICIT_RETAIN_SELF = YES;
				CLANG_WARN_OBJC_LITERAL_CONVERSION = YES;
				CLANG_WARN_OBJC_ROOT_CLASS = YES_ERROR;
				CLANG_WARN_RANGE_LOOP_ANALYSIS = YES;
				CLANG_WARN_STRICT_PROTOTYPES = YES;
				CLANG_WARN_SUSPICIOUS_MOVE = YES;
				CLANG_WARN_UNGUARDED_AVAILABILITY = YES_AGGRESSIVE;
				CLANG_WARN_UNREACHABLE_CODE = YES;
				CLANG_WARN__DUPLICATE_METHOD_MATCH = YES;
				CODE_SIGN_IDENTITY = "iPhone Developer";
				COPY_PHASE_STRIP = NO;
				DEBUG_INFORMATION_FORMAT = dwarf;
				ENABLE_STRICT_OBJC_MSGSEND = YES;
				ENABLE_TESTABILITY = YES;
				GCC_C_LANGUAGE_STANDARD = gnu11;
				GCC_DYNAMIC_NO_PIC = NO;
				GCC_NO_COMMON_BLOCKS = YES;
				GCC_OPTIMIZATION_LEVEL = 0;
				GCC_PREPROCESSOR_DEFINITIONS = (
					"DEBUG=1",
					"$(inherited)",
				);
				GCC_WARN_64_TO_32_BIT_CONVERSION = YES;
				GCC_WARN_ABOUT_RETURN_TYPE = YES_ERROR;
				GCC_WARN_UNDECLARED_SELECTOR = YES;
				GCC_WARN_UNINITIALIZED_AUTOS = YES_AGGRESSIVE;
				GCC_WARN_UNUSED_FUNCTION = YES;
				GCC_WARN_UNUSED_VARIABLE = YES;
				IPHONEOS_DEPLOYMENT_TARGET = 12.1;
				MTL_ENABLE_DEBUG_INFO = INCLUDE_SOURCE;
				MTL_FAST_MATH = YES;
				ONLY_ACTIVE_ARCH = YES;
				SDKROOT = iphoneos;
				SWIFT_ACTIVE_COMPILATION_CONDITIONS = DEBUG;
				SWIFT_OPTIMIZATION_LEVEL = "-Onone";
			};
			name = Debug;
		};
		756EB869219037DE0067D433 /* Release */ = {
			isa = XCBuildConfiguration;
			buildSettings = {
				ALWAYS_SEARCH_USER_PATHS = NO;
				CLANG_ANALYZER_NONNULL = YES;
				CLANG_ANALYZER_NUMBER_OBJECT_CONVERSION = YES_AGGRESSIVE;
				CLANG_CXX_LANGUAGE_STANDARD = "gnu++14";
				CLANG_CXX_LIBRARY = "libc++";
				CLANG_ENABLE_MODULES = YES;
				CLANG_ENABLE_OBJC_ARC = YES;
				CLANG_ENABLE_OBJC_WEAK = YES;
				CLANG_WARN_BLOCK_CAPTURE_AUTORELEASING = YES;
				CLANG_WARN_BOOL_CONVERSION = YES;
				CLANG_WARN_COMMA = YES;
				CLANG_WARN_CONSTANT_CONVERSION = YES;
				CLANG_WARN_DEPRECATED_OBJC_IMPLEMENTATIONS = YES;
				CLANG_WARN_DIRECT_OBJC_ISA_USAGE = YES_ERROR;
				CLANG_WARN_DOCUMENTATION_COMMENTS = YES;
				CLANG_WARN_EMPTY_BODY = YES;
				CLANG_WARN_ENUM_CONVERSION = YES;
				CLANG_WARN_INFINITE_RECURSION = YES;
				CLANG_WARN_INT_CONVERSION = YES;
				CLANG_WARN_NON_LITERAL_NULL_CONVERSION = YES;
				CLANG_WARN_OBJC_IMPLICIT_RETAIN_SELF = YES;
				CLANG_WARN_OBJC_LITERAL_CONVERSION = YES;
				CLANG_WARN_OBJC_ROOT_CLASS = YES_ERROR;
				CLANG_WARN_RANGE_LOOP_ANALYSIS = YES;
				CLANG_WARN_STRICT_PROTOTYPES = YES;
				CLANG_WARN_SUSPICIOUS_MOVE = YES;
				CLANG_WARN_UNGUARDED_AVAILABILITY = YES_AGGRESSIVE;
				CLANG_WARN_UNREACHABLE_CODE = YES;
				CLANG_WARN__DUPLICATE_METHOD_MATCH = YES;
				CODE_SIGN_IDENTITY = "iPhone Developer";
				COPY_PHASE_STRIP = NO;
				DEBUG_INFORMATION_FORMAT = "dwarf-with-dsym";
				ENABLE_NS_ASSERTIONS = NO;
				ENABLE_STRICT_OBJC_MSGSEND = YES;
				GCC_C_LANGUAGE_STANDARD = gnu11;
				GCC_NO_COMMON_BLOCKS = YES;
				GCC_WARN_64_TO_32_BIT_CONVERSION = YES;
				GCC_WARN_ABOUT_RETURN_TYPE = YES_ERROR;
				GCC_WARN_UNDECLARED_SELECTOR = YES;
				GCC_WARN_UNINITIALIZED_AUTOS = YES_AGGRESSIVE;
				GCC_WARN_UNUSED_FUNCTION = YES;
				GCC_WARN_UNUSED_VARIABLE = YES;
				IPHONEOS_DEPLOYMENT_TARGET = 12.1;
				MTL_ENABLE_DEBUG_INFO = NO;
				MTL_FAST_MATH = YES;
				SDKROOT = iphoneos;
				SWIFT_COMPILATION_MODE = wholemodule;
				SWIFT_OPTIMIZATION_LEVEL = "-O";
				VALIDATE_PRODUCT = YES;
			};
			name = Release;
		};
		756EB86B219037DE0067D433 /* Debug */ = {
			isa = XCBuildConfiguration;
			buildSettings = {
				ALWAYS_EMBED_SWIFT_STANDARD_LIBRARIES = YES;
				ASSETCATALOG_COMPILER_APPICON_NAME = AppIcon;
				CODE_SIGN_STYLE = Automatic;
				DEVELOPMENT_TEAM = CWW3CV2X72;
				FRAMEWORK_SEARCH_PATHS = (
					"$(inherited)",
					"$(PROJECT_DIR)/Carthage/Build/iOS",
				);
				INFOPLIST_FILE = "P&D_App/Info.plist";
				IPHONEOS_DEPLOYMENT_TARGET = 11.0;
				LD_RUNPATH_SEARCH_PATHS = (
					"$(inherited)",
					"@executable_path/Frameworks",
				);
				PRODUCT_BUNDLE_IDENTIFIER = "com.PandD.P-D-App";
				PRODUCT_NAME = "$(TARGET_NAME)";
				SWIFT_VERSION = 4.2;
				TARGETED_DEVICE_FAMILY = 1;
			};
			name = Debug;
		};
		756EB86C219037DE0067D433 /* Release */ = {
			isa = XCBuildConfiguration;
			buildSettings = {
				ALWAYS_EMBED_SWIFT_STANDARD_LIBRARIES = YES;
				ASSETCATALOG_COMPILER_APPICON_NAME = AppIcon;
				CODE_SIGN_STYLE = Automatic;
				DEVELOPMENT_TEAM = CWW3CV2X72;
				FRAMEWORK_SEARCH_PATHS = (
					"$(inherited)",
					"$(PROJECT_DIR)/Carthage/Build/iOS",
				);
				INFOPLIST_FILE = "P&D_App/Info.plist";
				IPHONEOS_DEPLOYMENT_TARGET = 11.0;
				LD_RUNPATH_SEARCH_PATHS = (
					"$(inherited)",
					"@executable_path/Frameworks",
				);
				PRODUCT_BUNDLE_IDENTIFIER = "com.PandD.P-D-App";
				PRODUCT_NAME = "$(TARGET_NAME)";
				SWIFT_VERSION = 4.2;
				TARGETED_DEVICE_FAMILY = 1;
			};
			name = Release;
		};
/* End XCBuildConfiguration section */

/* Begin XCConfigurationList section */
		756EB850219037DB0067D433 /* Build configuration list for PBXProject "P&D_App" */ = {
			isa = XCConfigurationList;
			buildConfigurations = (
				756EB868219037DE0067D433 /* Debug */,
				756EB869219037DE0067D433 /* Release */,
			);
			defaultConfigurationIsVisible = 0;
			defaultConfigurationName = Release;
		};
		756EB86A219037DE0067D433 /* Build configuration list for PBXNativeTarget "P&D_App" */ = {
			isa = XCConfigurationList;
			buildConfigurations = (
				756EB86B219037DE0067D433 /* Debug */,
				756EB86C219037DE0067D433 /* Release */,
			);
			defaultConfigurationIsVisible = 0;
			defaultConfigurationName = Release;
		};
/* End XCConfigurationList section */

/* Begin XCVersionGroup section */
		756EB85F219037DB0067D433 /* P_D_App.xcdatamodeld */ = {
			isa = XCVersionGroup;
			children = (
				756EB860219037DB0067D433 /* P_D_App.xcdatamodel */,
			);
			currentVersion = 756EB860219037DB0067D433 /* P_D_App.xcdatamodel */;
			path = P_D_App.xcdatamodeld;
			sourceTree = "<group>";
			versionGroupType = wrapper.xcdatamodel;
		};
/* End XCVersionGroup section */
	};
	rootObject = 756EB84D219037DB0067D433 /* Project object */;
}
