// !$*UTF8*$!
{
	archiveVersion = 1;
	classes = {
	};
	objectVersion = 50;
	objects = {

/* Begin PBXBuildFile section */
		75D1CDA52191DFE600B525D0 /* PageMenu.h in Headers */ = {isa = PBXBuildFile; fileRef = 75D1CDA32191DFE600B525D0 /* PageMenu.h */; settings = {ATTRIBUTES = (Public, ); }; };
		75D1CDAC2191E01D00B525D0 /* PageMenuController.swift in Sources */ = {isa = PBXBuildFile; fileRef = 75D1CDAB2191E01D00B525D0 /* PageMenuController.swift */; };
		75D1CDAE2191E04500B525D0 /* PageMenuControllerDataSource.swift in Sources */ = {isa = PBXBuildFile; fileRef = 75D1CDAD2191E04500B525D0 /* PageMenuControllerDataSource.swift */; };
		75D1CDB02191E05700B525D0 /* PageMenuControllerDelegate.swift in Sources */ = {isa = PBXBuildFile; fileRef = 75D1CDAF2191E05700B525D0 /* PageMenuControllerDelegate.swift */; };
		75D1CDB32191E1ED00B525D0 /* PageMenuControllerDirection.swift in Sources */ = {isa = PBXBuildFile; fileRef = 75D1CDB22191E1ED00B525D0 /* PageMenuControllerDirection.swift */; };
		75D1CDB52191E47A00B525D0 /* PageMenuOptions.swift in Sources */ = {isa = PBXBuildFile; fileRef = 75D1CDB42191E47A00B525D0 /* PageMenuOptions.swift */; };
		75D1CDB82191ED6A00B525D0 /* UIColor+Extension.swift in Sources */ = {isa = PBXBuildFile; fileRef = 75D1CDB72191ED6A00B525D0 /* UIColor+Extension.swift */; };
		75D1CDBA2191EFFC00B525D0 /* UIScrollView+Extension.swift in Sources */ = {isa = PBXBuildFile; fileRef = 75D1CDB92191EFFC00B525D0 /* UIScrollView+Extension.swift */; };
		75D1CDBC219278E000B525D0 /* PanBlockGestureRecognizer.swift in Sources */ = {isa = PBXBuildFile; fileRef = 75D1CDBB219278E000B525D0 /* PanBlockGestureRecognizer.swift */; };
		75D1CDBE21927C1200B525D0 /* EMPageViewController.swift in Sources */ = {isa = PBXBuildFile; fileRef = 75D1CDBD21927C1200B525D0 /* EMPageViewController.swift */; };
		75D1CDC12192BB6500B525D0 /* TabMenuItemCursor.swift in Sources */ = {isa = PBXBuildFile; fileRef = 75D1CDC02192BB6500B525D0 /* TabMenuItemCursor.swift */; };
		75D1CDC32192BBFA00B525D0 /* RoundRectCursorView.swift in Sources */ = {isa = PBXBuildFile; fileRef = 75D1CDC22192BBFA00B525D0 /* RoundRectCursorView.swift */; };
		75D1CDC52192BE6D00B525D0 /* UnderlineCursorView.swift in Sources */ = {isa = PBXBuildFile; fileRef = 75D1CDC42192BE6D00B525D0 /* UnderlineCursorView.swift */; };
		75D1CDC72192C32700B525D0 /* TabMenuItemCell.swift in Sources */ = {isa = PBXBuildFile; fileRef = 75D1CDC62192C32700B525D0 /* TabMenuItemCell.swift */; };
/* End PBXBuildFile section */

/* Begin PBXFileReference section */
		75D1CDA02191DFE600B525D0 /* PageMenu.framework */ = {isa = PBXFileReference; explicitFileType = wrapper.framework; includeInIndex = 0; path = PageMenu.framework; sourceTree = BUILT_PRODUCTS_DIR; };
		75D1CDA32191DFE600B525D0 /* PageMenu.h */ = {isa = PBXFileReference; lastKnownFileType = sourcecode.c.h; path = PageMenu.h; sourceTree = "<group>"; };
		75D1CDA42191DFE600B525D0 /* Info.plist */ = {isa = PBXFileReference; lastKnownFileType = text.plist.xml; path = Info.plist; sourceTree = "<group>"; };
		75D1CDAB2191E01D00B525D0 /* PageMenuController.swift */ = {isa = PBXFileReference; lastKnownFileType = sourcecode.swift; path = PageMenuController.swift; sourceTree = "<group>"; };
		75D1CDAD2191E04500B525D0 /* PageMenuControllerDataSource.swift */ = {isa = PBXFileReference; lastKnownFileType = sourcecode.swift; path = PageMenuControllerDataSource.swift; sourceTree = "<group>"; };
		75D1CDAF2191E05700B525D0 /* PageMenuControllerDelegate.swift */ = {isa = PBXFileReference; lastKnownFileType = sourcecode.swift; path = PageMenuControllerDelegate.swift; sourceTree = "<group>"; };
		75D1CDB22191E1ED00B525D0 /* PageMenuControllerDirection.swift */ = {isa = PBXFileReference; lastKnownFileType = sourcecode.swift; path = PageMenuControllerDirection.swift; sourceTree = "<group>"; };
		75D1CDB42191E47A00B525D0 /* PageMenuOptions.swift */ = {isa = PBXFileReference; lastKnownFileType = sourcecode.swift; path = PageMenuOptions.swift; sourceTree = "<group>"; };
		75D1CDB72191ED6A00B525D0 /* UIColor+Extension.swift */ = {isa = PBXFileReference; lastKnownFileType = sourcecode.swift; path = "UIColor+Extension.swift"; sourceTree = "<group>"; };
		75D1CDB92191EFFC00B525D0 /* UIScrollView+Extension.swift */ = {isa = PBXFileReference; lastKnownFileType = sourcecode.swift; path = "UIScrollView+Extension.swift"; sourceTree = "<group>"; };
		75D1CDBB219278E000B525D0 /* PanBlockGestureRecognizer.swift */ = {isa = PBXFileReference; lastKnownFileType = sourcecode.swift; path = PanBlockGestureRecognizer.swift; sourceTree = "<group>"; };
		75D1CDBD21927C1200B525D0 /* EMPageViewController.swift */ = {isa = PBXFileReference; lastKnownFileType = sourcecode.swift; path = EMPageViewController.swift; sourceTree = "<group>"; };
		75D1CDC02192BB6500B525D0 /* TabMenuItemCursor.swift */ = {isa = PBXFileReference; lastKnownFileType = sourcecode.swift; path = TabMenuItemCursor.swift; sourceTree = "<group>"; };
		75D1CDC22192BBFA00B525D0 /* RoundRectCursorView.swift */ = {isa = PBXFileReference; lastKnownFileType = sourcecode.swift; path = RoundRectCursorView.swift; sourceTree = "<group>"; };
		75D1CDC42192BE6D00B525D0 /* UnderlineCursorView.swift */ = {isa = PBXFileReference; lastKnownFileType = sourcecode.swift; path = UnderlineCursorView.swift; sourceTree = "<group>"; };
		75D1CDC62192C32700B525D0 /* TabMenuItemCell.swift */ = {isa = PBXFileReference; lastKnownFileType = sourcecode.swift; path = TabMenuItemCell.swift; sourceTree = "<group>"; };
/* End PBXFileReference section */

/* Begin PBXFrameworksBuildPhase section */
		75D1CD9D2191DFE600B525D0 /* Frameworks */ = {
			isa = PBXFrameworksBuildPhase;
			buildActionMask = 2147483647;
			files = (
			);
			runOnlyForDeploymentPostprocessing = 0;
		};
/* End PBXFrameworksBuildPhase section */

/* Begin PBXGroup section */
		75D1CD962191DFE600B525D0 = {
			isa = PBXGroup;
			children = (
				75D1CDA22191DFE600B525D0 /* PageMenu */,
				75D1CDA12191DFE600B525D0 /* Products */,
			);
			sourceTree = "<group>";
		};
		75D1CDA12191DFE600B525D0 /* Products */ = {
			isa = PBXGroup;
			children = (
				75D1CDA02191DFE600B525D0 /* PageMenu.framework */,
			);
			name = Products;
			sourceTree = "<group>";
		};
		75D1CDA22191DFE600B525D0 /* PageMenu */ = {
			isa = PBXGroup;
			children = (
				75D1CDA32191DFE600B525D0 /* PageMenu.h */,
				75D1CDA42191DFE600B525D0 /* Info.plist */,
				75D1CDAB2191E01D00B525D0 /* PageMenuController.swift */,
				75D1CDAD2191E04500B525D0 /* PageMenuControllerDataSource.swift */,
				75D1CDAF2191E05700B525D0 /* PageMenuControllerDelegate.swift */,
				75D1CDB12191E1D800B525D0 /* Enum */,
				75D1CDBF2192BB3F00B525D0 /* TabMenu */,
				75D1CDB62191ED2100B525D0 /* Util */,
			);
			path = PageMenu;
			sourceTree = "<group>";
		};
		75D1CDB12191E1D800B525D0 /* Enum */ = {
			isa = PBXGroup;
			children = (
				75D1CDB22191E1ED00B525D0 /* PageMenuControllerDirection.swift */,
				75D1CDB42191E47A00B525D0 /* PageMenuOptions.swift */,
			);
			path = Enum;
			sourceTree = "<group>";
		};
		75D1CDB62191ED2100B525D0 /* Util */ = {
			isa = PBXGroup;
			children = (
				75D1CDB72191ED6A00B525D0 /* UIColor+Extension.swift */,
				75D1CDB92191EFFC00B525D0 /* UIScrollView+Extension.swift */,
				75D1CDBB219278E000B525D0 /* PanBlockGestureRecognizer.swift */,
				75D1CDBD21927C1200B525D0 /* EMPageViewController.swift */,
			);
			path = Util;
			sourceTree = "<group>";
		};
		75D1CDBF2192BB3F00B525D0 /* TabMenu */ = {
			isa = PBXGroup;
			children = (
				75D1CDC02192BB6500B525D0 /* TabMenuItemCursor.swift */,
				75D1CDC22192BBFA00B525D0 /* RoundRectCursorView.swift */,
				75D1CDC42192BE6D00B525D0 /* UnderlineCursorView.swift */,
				75D1CDC62192C32700B525D0 /* TabMenuItemCell.swift */,
			);
			path = TabMenu;
			sourceTree = "<group>";
		};
/* End PBXGroup section */

/* Begin PBXHeadersBuildPhase section */
		75D1CD9B2191DFE600B525D0 /* Headers */ = {
			isa = PBXHeadersBuildPhase;
			buildActionMask = 2147483647;
			files = (
				75D1CDA52191DFE600B525D0 /* PageMenu.h in Headers */,
			);
			runOnlyForDeploymentPostprocessing = 0;
		};
/* End PBXHeadersBuildPhase section */

/* Begin PBXNativeTarget section */
		75D1CD9F2191DFE600B525D0 /* PageMenu */ = {
			isa = PBXNativeTarget;
			buildConfigurationList = 75D1CDA82191DFE600B525D0 /* Build configuration list for PBXNativeTarget "PageMenu" */;
			buildPhases = (
				75D1CD9B2191DFE600B525D0 /* Headers */,
				75D1CD9C2191DFE600B525D0 /* Sources */,
				75D1CD9D2191DFE600B525D0 /* Frameworks */,
				75D1CD9E2191DFE600B525D0 /* Resources */,
			);
			buildRules = (
			);
			dependencies = (
			);
			name = PageMenu;
			productName = PageMenu;
			productReference = 75D1CDA02191DFE600B525D0 /* PageMenu.framework */;
			productType = "com.apple.product-type.framework";
		};
/* End PBXNativeTarget section */

/* Begin PBXProject section */
		75D1CD972191DFE600B525D0 /* Project object */ = {
			isa = PBXProject;
			attributes = {
				LastUpgradeCheck = 1010;
				ORGANIZATIONNAME = "P&D";
				TargetAttributes = {
					75D1CD9F2191DFE600B525D0 = {
						CreatedOnToolsVersion = 10.1;
						LastSwiftMigration = 1010;
					};
				};
			};
			buildConfigurationList = 75D1CD9A2191DFE600B525D0 /* Build configuration list for PBXProject "PageMenu" */;
			compatibilityVersion = "Xcode 9.3";
			developmentRegion = en;
			hasScannedForEncodings = 0;
			knownRegions = (
				en,
			);
			mainGroup = 75D1CD962191DFE600B525D0;
			productRefGroup = 75D1CDA12191DFE600B525D0 /* Products */;
			projectDirPath = "";
			projectRoot = "";
			targets = (
				75D1CD9F2191DFE600B525D0 /* PageMenu */,
			);
		};
/* End PBXProject section */

/* Begin PBXResourcesBuildPhase section */
		75D1CD9E2191DFE600B525D0 /* Resources */ = {
			isa = PBXResourcesBuildPhase;
			buildActionMask = 2147483647;
			files = (
			);
			runOnlyForDeploymentPostprocessing = 0;
		};
/* End PBXResourcesBuildPhase section */

/* Begin PBXSourcesBuildPhase section */
		75D1CD9C2191DFE600B525D0 /* Sources */ = {
			isa = PBXSourcesBuildPhase;
			buildActionMask = 2147483647;
			files = (
				75D1CDBA2191EFFC00B525D0 /* UIScrollView+Extension.swift in Sources */,
				75D1CDC12192BB6500B525D0 /* TabMenuItemCursor.swift in Sources */,
				75D1CDB52191E47A00B525D0 /* PageMenuOptions.swift in Sources */,
				75D1CDC52192BE6D00B525D0 /* UnderlineCursorView.swift in Sources */,
				75D1CDAE2191E04500B525D0 /* PageMenuControllerDataSource.swift in Sources */,
				75D1CDBC219278E000B525D0 /* PanBlockGestureRecognizer.swift in Sources */,
				75D1CDB32191E1ED00B525D0 /* PageMenuControllerDirection.swift in Sources */,
				75D1CDBE21927C1200B525D0 /* EMPageViewController.swift in Sources */,
				75D1CDB82191ED6A00B525D0 /* UIColor+Extension.swift in Sources */,
				75D1CDAC2191E01D00B525D0 /* PageMenuController.swift in Sources */,
				75D1CDB02191E05700B525D0 /* PageMenuControllerDelegate.swift in Sources */,
				75D1CDC72192C32700B525D0 /* TabMenuItemCell.swift in Sources */,
				75D1CDC32192BBFA00B525D0 /* RoundRectCursorView.swift in Sources */,
			);
			runOnlyForDeploymentPostprocessing = 0;
		};
/* End PBXSourcesBuildPhase section */

/* Begin XCBuildConfiguration section */
		75D1CDA62191DFE600B525D0 /* Debug */ = {
			isa = XCBuildConfiguration;
			buildSettings = {
				ALWAYS_SEARCH_USER_PATHS = NO;
				CLANG_ANALYZER_NONNULL = YES;
				CLANG_ANALYZER_NUMBER_OBJECT_CONVERSION = YES_AGGRESSIVE;
				CLANG_CXX_LANGUAGE_STANDARD = "gnu++14";
				CLANG_CXX_LIBRARY = "libc++";
				CLANG_ENABLE_MODULES = YES;
				CLANG_ENABLE_OBJC_ARC = YES;
				CLANG_ENABLE_OBJC_WEAK = YES;
				CLANG_WARN_BLOCK_CAPTURE_AUTORELEASING = YES;
				CLANG_WARN_BOOL_CONVERSION = YES;
				CLANG_WARN_COMMA = YES;
				CLANG_WARN_CONSTANT_CONVERSION = YES;
				CLANG_WARN_DEPRECATED_OBJC_IMPLEMENTATIONS = YES;
				CLANG_WARN_DIRECT_OBJC_ISA_USAGE = YES_ERROR;
				CLANG_WARN_DOCUMENTATION_COMMENTS = YES;
				CLANG_WARN_EMPTY_BODY = YES;
				CLANG_WARN_ENUM_CONVERSION = YES;
				CLANG_WARN_INFINITE_RECURSION = YES;
				CLANG_WARN_INT_CONVERSION = YES;
				CLANG_WARN_NON_LITERAL_NULL_CONVERSION = YES;
				CLANG_WARN_OBJC_IMPLICIT_RETAIN_SELF = YES;
				CLANG_WARN_OBJC_LITERAL_CONVERSION = YES;
				CLANG_WARN_OBJC_ROOT_CLASS = YES_ERROR;
				CLANG_WARN_RANGE_LOOP_ANALYSIS = YES;
				CLANG_WARN_STRICT_PROTOTYPES = YES;
				CLANG_WARN_SUSPICIOUS_MOVE = YES;
				CLANG_WARN_UNGUARDED_AVAILABILITY = YES_AGGRESSIVE;
				CLANG_WARN_UNREACHABLE_CODE = YES;
				CLANG_WARN__DUPLICATE_METHOD_MATCH = YES;
				CODE_SIGN_IDENTITY = "iPhone Developer";
				COPY_PHASE_STRIP = NO;
				CURRENT_PROJECT_VERSION = 1;
				DEBUG_INFORMATION_FORMAT = dwarf;
				ENABLE_STRICT_OBJC_MSGSEND = YES;
				ENABLE_TESTABILITY = YES;
				GCC_C_LANGUAGE_STANDARD = gnu11;
				GCC_DYNAMIC_NO_PIC = NO;
				GCC_NO_COMMON_BLOCKS = YES;
				GCC_OPTIMIZATION_LEVEL = 0;
				GCC_PREPROCESSOR_DEFINITIONS = (
					"DEBUG=1",
					"$(inherited)",
				);
				GCC_WARN_64_TO_32_BIT_CONVERSION = YES;
				GCC_WARN_ABOUT_RETURN_TYPE = YES_ERROR;
				GCC_WARN_UNDECLARED_SELECTOR = YES;
				GCC_WARN_UNINITIALIZED_AUTOS = YES_AGGRESSIVE;
				GCC_WARN_UNUSED_FUNCTION = YES;
				GCC_WARN_UNUSED_VARIABLE = YES;
				IPHONEOS_DEPLOYMENT_TARGET = 12.1;
				MTL_ENABLE_DEBUG_INFO = INCLUDE_SOURCE;
				MTL_FAST_MATH = YES;
				ONLY_ACTIVE_ARCH = YES;
				SDKROOT = iphoneos;
				SWIFT_ACTIVE_COMPILATION_CONDITIONS = DEBUG;
				SWIFT_OPTIMIZATION_LEVEL = "-Onone";
				VERSIONING_SYSTEM = "apple-generic";
				VERSION_INFO_PREFIX = "";
			};
			name = Debug;
		};
		75D1CDA72191DFE600B525D0 /* Release */ = {
			isa = XCBuildConfiguration;
			buildSettings = {
				ALWAYS_SEARCH_USER_PATHS = NO;
				CLANG_ANALYZER_NONNULL = YES;
				CLANG_ANALYZER_NUMBER_OBJECT_CONVERSION = YES_AGGRESSIVE;
				CLANG_CXX_LANGUAGE_STANDARD = "gnu++14";
				CLANG_CXX_LIBRARY = "libc++";
				CLANG_ENABLE_MODULES = YES;
				CLANG_ENABLE_OBJC_ARC = YES;
				CLANG_ENABLE_OBJC_WEAK = YES;
				CLANG_WARN_BLOCK_CAPTURE_AUTORELEASING = YES;
				CLANG_WARN_BOOL_CONVERSION = YES;
				CLANG_WARN_COMMA = YES;
				CLANG_WARN_CONSTANT_CONVERSION = YES;
				CLANG_WARN_DEPRECATED_OBJC_IMPLEMENTATIONS = YES;
				CLANG_WARN_DIRECT_OBJC_ISA_USAGE = YES_ERROR;
				CLANG_WARN_DOCUMENTATION_COMMENTS = YES;
				CLANG_WARN_EMPTY_BODY = YES;
				CLANG_WARN_ENUM_CONVERSION = YES;
				CLANG_WARN_INFINITE_RECURSION = YES;
				CLANG_WARN_INT_CONVERSION = YES;
				CLANG_WARN_NON_LITERAL_NULL_CONVERSION = YES;
				CLANG_WARN_OBJC_IMPLICIT_RETAIN_SELF = YES;
				CLANG_WARN_OBJC_LITERAL_CONVERSION = YES;
				CLANG_WARN_OBJC_ROOT_CLASS = YES_ERROR;
				CLANG_WARN_RANGE_LOOP_ANALYSIS = YES;
				CLANG_WARN_STRICT_PROTOTYPES = YES;
				CLANG_WARN_SUSPICIOUS_MOVE = YES;
				CLANG_WARN_UNGUARDED_AVAILABILITY = YES_AGGRESSIVE;
				CLANG_WARN_UNREACHABLE_CODE = YES;
				CLANG_WARN__DUPLICATE_METHOD_MATCH = YES;
				CODE_SIGN_IDENTITY = "iPhone Developer";
				COPY_PHASE_STRIP = NO;
				CURRENT_PROJECT_VERSION = 1;
				DEBUG_INFORMATION_FORMAT = "dwarf-with-dsym";
				ENABLE_NS_ASSERTIONS = NO;
				ENABLE_STRICT_OBJC_MSGSEND = YES;
				GCC_C_LANGUAGE_STANDARD = gnu11;
				GCC_NO_COMMON_BLOCKS = YES;
				GCC_WARN_64_TO_32_BIT_CONVERSION = YES;
				GCC_WARN_ABOUT_RETURN_TYPE = YES_ERROR;
				GCC_WARN_UNDECLARED_SELECTOR = YES;
				GCC_WARN_UNINITIALIZED_AUTOS = YES_AGGRESSIVE;
				GCC_WARN_UNUSED_FUNCTION = YES;
				GCC_WARN_UNUSED_VARIABLE = YES;
				IPHONEOS_DEPLOYMENT_TARGET = 12.1;
				MTL_ENABLE_DEBUG_INFO = NO;
				MTL_FAST_MATH = YES;
				SDKROOT = iphoneos;
				SWIFT_COMPILATION_MODE = wholemodule;
				SWIFT_OPTIMIZATION_LEVEL = "-O";
				VALIDATE_PRODUCT = YES;
				VERSIONING_SYSTEM = "apple-generic";
				VERSION_INFO_PREFIX = "";
			};
			name = Release;
		};
		75D1CDA92191DFE600B525D0 /* Debug */ = {
			isa = XCBuildConfiguration;
			buildSettings = {
				CLANG_ENABLE_MODULES = YES;
				CODE_SIGN_IDENTITY = "";
				CODE_SIGN_STYLE = Automatic;
				DEFINES_MODULE = YES;
				DEVELOPMENT_TEAM = CWW3CV2X72;
				DYLIB_COMPATIBILITY_VERSION = 1;
				DYLIB_CURRENT_VERSION = 1;
				DYLIB_INSTALL_NAME_BASE = "@rpath";
				INFOPLIST_FILE = PageMenu/Info.plist;
				INSTALL_PATH = "$(LOCAL_LIBRARY_DIR)/Frameworks";
				LD_RUNPATH_SEARCH_PATHS = (
					"$(inherited)",
					"@executable_path/Frameworks",
					"@loader_path/Frameworks",
				);
				PRODUCT_BUNDLE_IDENTIFIER = com.PandD.PageMenu;
				PRODUCT_NAME = "$(TARGET_NAME:c99extidentifier)";
				SKIP_INSTALL = YES;
				SWIFT_OPTIMIZATION_LEVEL = "-Onone";
				SWIFT_VERSION = 4.2;
				TARGETED_DEVICE_FAMILY = "1,2";
			};
			name = Debug;
		};
		75D1CDAA2191DFE600B525D0 /* Release */ = {
			isa = XCBuildConfiguration;
			buildSettings = {
				CLANG_ENABLE_MODULES = YES;
				CODE_SIGN_IDENTITY = "";
				CODE_SIGN_STYLE = Automatic;
				DEFINES_MODULE = YES;
				DEVELOPMENT_TEAM = CWW3CV2X72;
				DYLIB_COMPATIBILITY_VERSION = 1;
				DYLIB_CURRENT_VERSION = 1;
				DYLIB_INSTALL_NAME_BASE = "@rpath";
				INFOPLIST_FILE = PageMenu/Info.plist;
				INSTALL_PATH = "$(LOCAL_LIBRARY_DIR)/Frameworks";
				LD_RUNPATH_SEARCH_PATHS = (
					"$(inherited)",
					"@executable_path/Frameworks",
					"@loader_path/Frameworks",
				);
				PRODUCT_BUNDLE_IDENTIFIER = com.PandD.PageMenu;
				PRODUCT_NAME = "$(TARGET_NAME:c99extidentifier)";
				SKIP_INSTALL = YES;
				SWIFT_VERSION = 4.2;
				TARGETED_DEVICE_FAMILY = "1,2";
			};
			name = Release;
		};
/* End XCBuildConfiguration section */

/* Begin XCConfigurationList section */
		75D1CD9A2191DFE600B525D0 /* Build configuration list for PBXProject "PageMenu" */ = {
			isa = XCConfigurationList;
			buildConfigurations = (
				75D1CDA62191DFE600B525D0 /* Debug */,
				75D1CDA72191DFE600B525D0 /* Release */,
			);
			defaultConfigurationIsVisible = 0;
			defaultConfigurationName = Release;
		};
		75D1CDA82191DFE600B525D0 /* Build configuration list for PBXNativeTarget "PageMenu" */ = {
			isa = XCConfigurationList;
			buildConfigurations = (
				75D1CDA92191DFE600B525D0 /* Debug */,
				75D1CDAA2191DFE600B525D0 /* Release */,
			);
			defaultConfigurationIsVisible = 0;
			defaultConfigurationName = Release;
		};
/* End XCConfigurationList section */
	};
	rootObject = 75D1CD972191DFE600B525D0 /* Project object */;
}
